// !$*UTF8*$!
{
	archiveVersion = 1;
	classes = {
	};
	objectVersion = 56;
	objects = {

/* Begin PBXBuildFile section */
		EFA5E4462D4C161A001C836C /* BJJNotesApp.swift in Sources */ = {isa = PBXBuildFile; fileRef = EFA5E4452D4C161A001C836C /* BJJNotesApp.swift */; };
		EFA5E4482D4C161A001C836C /* MainUserView.swift in Sources */ = {isa = PBXBuildFile; fileRef = EFA5E4472D4C161A001C836C /* MainUserView.swift */; };
		EFA5E44A2D4C161D001C836C /* Assets.xcassets in Resources */ = {isa = PBXBuildFile; fileRef = EFA5E4492D4C161D001C836C /* Assets.xcassets */; };
		EFA5E44D2D4C161D001C836C /* Preview Assets.xcassets in Resources */ = {isa = PBXBuildFile; fileRef = EFA5E44C2D4C161D001C836C /* Preview Assets.xcassets */; };
		EFA5E4542D4C16C7001C836C /* Student.swift in Sources */ = {isa = PBXBuildFile; fileRef = EFA5E4532D4C16C7001C836C /* Student.swift */; };
		EFA5E45B2D5539D0001C836C /* LoginView.swift in Sources */ = {isa = PBXBuildFile; fileRef = EFA5E45A2D5539D0001C836C /* LoginView.swift */; };
		EFA5E45D2D553EC8001C836C /* HeaderView.swift in Sources */ = {isa = PBXBuildFile; fileRef = EFA5E45C2D553EC8001C836C /* HeaderView.swift */; };
		EFA5E45F2D5544E1001C836C /* RegisterView.swift in Sources */ = {isa = PBXBuildFile; fileRef = EFA5E45E2D5544E1001C836C /* RegisterView.swift */; };
		EFA5E4612D569DD0001C836C /* ButtonView.swift in Sources */ = {isa = PBXBuildFile; fileRef = EFA5E4602D569DD0001C836C /* ButtonView.swift */; };
		EFA5E4632D591BAF001C836C /* LoginViewViewModel .swift in Sources */ = {isa = PBXBuildFile; fileRef = EFA5E4622D591BAF001C836C /* LoginViewViewModel .swift */; };
/* End PBXBuildFile section */

/* Begin PBXFileReference section */
		EFA5E4422D4C161A001C836C /* BJJNotes.app */ = {isa = PBXFileReference; explicitFileType = wrapper.application; includeInIndex = 0; path = BJJNotes.app; sourceTree = BUILT_PRODUCTS_DIR; };
		EFA5E4452D4C161A001C836C /* BJJNotesApp.swift */ = {isa = PBXFileReference; lastKnownFileType = sourcecode.swift; path = BJJNotesApp.swift; sourceTree = "<group>"; };
		EFA5E4472D4C161A001C836C /* MainUserView.swift */ = {isa = PBXFileReference; lastKnownFileType = sourcecode.swift; path = MainUserView.swift; sourceTree = "<group>"; };
		EFA5E4492D4C161D001C836C /* Assets.xcassets */ = {isa = PBXFileReference; lastKnownFileType = folder.assetcatalog; path = Assets.xcassets; sourceTree = "<group>"; };
		EFA5E44C2D4C161D001C836C /* Preview Assets.xcassets */ = {isa = PBXFileReference; lastKnownFileType = folder.assetcatalog; path = "Preview Assets.xcassets"; sourceTree = "<group>"; };
		EFA5E4532D4C16C7001C836C /* Student.swift */ = {isa = PBXFileReference; lastKnownFileType = sourcecode.swift; path = Student.swift; sourceTree = "<group>"; };
		EFA5E45A2D5539D0001C836C /* LoginView.swift */ = {isa = PBXFileReference; lastKnownFileType = sourcecode.swift; path = LoginView.swift; sourceTree = "<group>"; };
		EFA5E45C2D553EC8001C836C /* HeaderView.swift */ = {isa = PBXFileReference; lastKnownFileType = sourcecode.swift; path = HeaderView.swift; sourceTree = "<group>"; };
		EFA5E45E2D5544E1001C836C /* RegisterView.swift */ = {isa = PBXFileReference; lastKnownFileType = sourcecode.swift; path = RegisterView.swift; sourceTree = "<group>"; };
		EFA5E4602D569DD0001C836C /* ButtonView.swift */ = {isa = PBXFileReference; lastKnownFileType = sourcecode.swift; path = ButtonView.swift; sourceTree = "<group>"; };
		EFA5E4622D591BAF001C836C /* LoginViewViewModel .swift */ = {isa = PBXFileReference; lastKnownFileType = sourcecode.swift; path = "LoginViewViewModel .swift"; sourceTree = "<group>"; };
/* End PBXFileReference section */

/* Begin PBXFrameworksBuildPhase section */
		EFA5E43F2D4C161A001C836C /* Frameworks */ = {
			isa = PBXFrameworksBuildPhase;
			buildActionMask = 2147483647;
			files = (
			);
			runOnlyForDeploymentPostprocessing = 0;
		};
/* End PBXFrameworksBuildPhase section */

/* Begin PBXGroup section */
		EFA5E4392D4C161A001C836C = {
			isa = PBXGroup;
			children = (
				EFA5E4442D4C161A001C836C /* BJJNotes */,
				EFA5E4432D4C161A001C836C /* Products */,
			);
			sourceTree = "<group>";
		};
		EFA5E4432D4C161A001C836C /* Products */ = {
			isa = PBXGroup;
			children = (
				EFA5E4422D4C161A001C836C /* BJJNotes.app */,
			);
			name = Products;
			sourceTree = "<group>";
		};
		EFA5E4442D4C161A001C836C /* BJJNotes */ = {
			isa = PBXGroup;
			children = (
				EFA5E4452D4C161A001C836C /* BJJNotesApp.swift */,
				EFA5E4572D5537E6001C836C /* Model  */,
				EFA5E4582D5537EC001C836C /* View */,
				EFA5E4592D5537FD001C836C /* ViewModel */,
				EFA5E4492D4C161D001C836C /* Assets.xcassets */,
				EFA5E44B2D4C161D001C836C /* Preview Content */,
			);
			path = BJJNotes;
			sourceTree = "<group>";
		};
		EFA5E44B2D4C161D001C836C /* Preview Content */ = {
			isa = PBXGroup;
			children = (
				EFA5E44C2D4C161D001C836C /* Preview Assets.xcassets */,
			);
			path = "Preview Content";
			sourceTree = "<group>";
		};
		EFA5E4572D5537E6001C836C /* Model  */ = {
			isa = PBXGroup;
			children = (
				EFA5E4532D4C16C7001C836C /* Student.swift */,
			);
			path = "Model ";
			sourceTree = "<group>";
		};
		EFA5E4582D5537EC001C836C /* View */ = {
			isa = PBXGroup;
			children = (
				EFA5E4472D4C161A001C836C /* MainUserView.swift */,
				EFA5E45A2D5539D0001C836C /* LoginView.swift */,
				EFA5E45C2D553EC8001C836C /* HeaderView.swift */,
				EFA5E45E2D5544E1001C836C /* RegisterView.swift */,
				EFA5E4602D569DD0001C836C /* ButtonView.swift */,
			);
			path = View;
			sourceTree = "<group>";
		};
		EFA5E4592D5537FD001C836C /* ViewModel */ = {
			isa = PBXGroup;
			children = (
				EFA5E4622D591BAF001C836C /* LoginViewViewModel .swift */,
			);
			path = ViewModel;
			sourceTree = "<group>";
		};
/* End PBXGroup section */

/* Begin PBXNativeTarget section */
		EFA5E4412D4C161A001C836C /* BJJNotes */ = {
			isa = PBXNativeTarget;
			buildConfigurationList = EFA5E4502D4C161D001C836C /* Build configuration list for PBXNativeTarget "BJJNotes" */;
			buildPhases = (
				EFA5E43E2D4C161A001C836C /* Sources */,
				EFA5E43F2D4C161A001C836C /* Frameworks */,
				EFA5E4402D4C161A001C836C /* Resources */,
			);
			buildRules = (
			);
			dependencies = (
			);
			name = BJJNotes;
			productName = BJJNotes;
			productReference = EFA5E4422D4C161A001C836C /* BJJNotes.app */;
			productType = "com.apple.product-type.application";
		};
/* End PBXNativeTarget section */

/* Begin PBXProject section */
		EFA5E43A2D4C161A001C836C /* Project object */ = {
			isa = PBXProject;
			attributes = {
				BuildIndependentTargetsInParallel = 1;
				LastSwiftUpdateCheck = 1540;
				LastUpgradeCheck = 1540;
				TargetAttributes = {
					EFA5E4412D4C161A001C836C = {
						CreatedOnToolsVersion = 15.4;
					};
				};
			};
			buildConfigurationList = EFA5E43D2D4C161A001C836C /* Build configuration list for PBXProject "BJJNotes" */;
			compatibilityVersion = "Xcode 14.0";
			developmentRegion = en;
			hasScannedForEncodings = 0;
			knownRegions = (
				en,
				Base,
			);
			mainGroup = EFA5E4392D4C161A001C836C;
			productRefGroup = EFA5E4432D4C161A001C836C /* Products */;
			projectDirPath = "";
			projectRoot = "";
			targets = (
				EFA5E4412D4C161A001C836C /* BJJNotes */,
			);
		};
/* End PBXProject section */

/* Begin PBXResourcesBuildPhase section */
		EFA5E4402D4C161A001C836C /* Resources */ = {
			isa = PBXResourcesBuildPhase;
			buildActionMask = 2147483647;
			files = (
				EFA5E44D2D4C161D001C836C /* Preview Assets.xcassets in Resources */,
				EFA5E44A2D4C161D001C836C /* Assets.xcassets in Resources */,
			);
			runOnlyForDeploymentPostprocessing = 0;
		};
/* End PBXResourcesBuildPhase section */

/* Begin PBXSourcesBuildPhase section */
		EFA5E43E2D4C161A001C836C /* Sources */ = {
			isa = PBXSourcesBuildPhase;
			buildActionMask = 2147483647;
			files = (
				EFA5E45D2D553EC8001C836C /* HeaderView.swift in Sources */,
				EFA5E4482D4C161A001C836C /* MainUserView.swift in Sources */,
				EFA5E4542D4C16C7001C836C /* Student.swift in Sources */,
				EFA5E45F2D5544E1001C836C /* RegisterView.swift in Sources */,
				EFA5E45B2D5539D0001C836C /* LoginView.swift in Sources */,
				EFA5E4632D591BAF001C836C /* LoginViewViewModel .swift in Sources */,
				EFA5E4462D4C161A001C836C /* BJJNotesApp.swift in Sources */,
				EFA5E4612D569DD0001C836C /* ButtonView.swift in Sources */,
			);
			runOnlyForDeploymentPostprocessing = 0;
		};
/* End PBXSourcesBuildPhase section */

/* Begin XCBuildConfiguration section */
		EFA5E44E2D4C161D001C836C /* Debug */ = {
			isa = XCBuildConfiguration;
			buildSettings = {
				ALWAYS_SEARCH_USER_PATHS = NO;
				ASSETCATALOG_COMPILER_GENERATE_SWIFT_ASSET_SYMBOL_EXTENSIONS = YES;
				CLANG_ANALYZER_NONNULL = YES;
				CLANG_ANALYZER_NUMBER_OBJECT_CONVERSION = YES_AGGRESSIVE;
				CLANG_CXX_LANGUAGE_STANDARD = "gnu++20";
				CLANG_ENABLE_MODULES = YES;
				CLANG_ENABLE_OBJC_ARC = YES;
				CLANG_ENABLE_OBJC_WEAK = YES;
				CLANG_WARN_BLOCK_CAPTURE_AUTORELEASING = YES;
				CLANG_WARN_BOOL_CONVERSION = YES;
				CLANG_WARN_COMMA = YES;
				CLANG_WARN_CONSTANT_CONVERSION = YES;
				CLANG_WARN_DEPRECATED_OBJC_IMPLEMENTATIONS = YES;
				CLANG_WARN_DIRECT_OBJC_ISA_USAGE = YES_ERROR;
				CLANG_WARN_DOCUMENTATION_COMMENTS = YES;
				CLANG_WARN_EMPTY_BODY = YES;
				CLANG_WARN_ENUM_CONVERSION = YES;
				CLANG_WARN_INFINITE_RECURSION = YES;
				CLANG_WARN_INT_CONVERSION = YES;
				CLANG_WARN_NON_LITERAL_NULL_CONVERSION = YES;
				CLANG_WARN_OBJC_IMPLICIT_RETAIN_SELF = YES;
				CLANG_WARN_OBJC_LITERAL_CONVERSION = YES;
				CLANG_WARN_OBJC_ROOT_CLASS = YES_ERROR;
				CLANG_WARN_QUOTED_INCLUDE_IN_FRAMEWORK_HEADER = YES;
				CLANG_WARN_RANGE_LOOP_ANALYSIS = YES;
				CLANG_WARN_STRICT_PROTOTYPES = YES;
				CLANG_WARN_SUSPICIOUS_MOVE = YES;
				CLANG_WARN_UNGUARDED_AVAILABILITY = YES_AGGRESSIVE;
				CLANG_WARN_UNREACHABLE_CODE = YES;
				CLANG_WARN__DUPLICATE_METHOD_MATCH = YES;
				COPY_PHASE_STRIP = NO;
				DEBUG_INFORMATION_FORMAT = dwarf;
				ENABLE_STRICT_OBJC_MSGSEND = YES;
				ENABLE_TESTABILITY = YES;
				ENABLE_USER_SCRIPT_SANDBOXING = YES;
				GCC_C_LANGUAGE_STANDARD = gnu17;
				GCC_DYNAMIC_NO_PIC = NO;
				GCC_NO_COMMON_BLOCKS = YES;
				GCC_OPTIMIZATION_LEVEL = 0;
				GCC_PREPROCESSOR_DEFINITIONS = (
					"DEBUG=1",
					"$(inherited)",
				);
				GCC_WARN_64_TO_32_BIT_CONVERSION = YES;
				GCC_WARN_ABOUT_RETURN_TYPE = YES_ERROR;
				GCC_WARN_UNDECLARED_SELECTOR = YES;
				GCC_WARN_UNINITIALIZED_AUTOS = YES_AGGRESSIVE;
				GCC_WARN_UNUSED_FUNCTION = YES;
				GCC_WARN_UNUSED_VARIABLE = YES;
				IPHONEOS_DEPLOYMENT_TARGET = 17.5;
				LOCALIZATION_PREFERS_STRING_CATALOGS = YES;
				MTL_ENABLE_DEBUG_INFO = INCLUDE_SOURCE;
				MTL_FAST_MATH = YES;
				ONLY_ACTIVE_ARCH = YES;
				SDKROOT = iphoneos;
				SWIFT_ACTIVE_COMPILATION_CONDITIONS = "DEBUG $(inherited)";
				SWIFT_OPTIMIZATION_LEVEL = "-Onone";
			};
			name = Debug;
		};
		EFA5E44F2D4C161D001C836C /* Release */ = {
			isa = XCBuildConfiguration;
			buildSettings = {
				ALWAYS_SEARCH_USER_PATHS = NO;
				ASSETCATALOG_COMPILER_GENERATE_SWIFT_ASSET_SYMBOL_EXTENSIONS = YES;
				CLANG_ANALYZER_NONNULL = YES;
				CLANG_ANALYZER_NUMBER_OBJECT_CONVERSION = YES_AGGRESSIVE;
				CLANG_CXX_LANGUAGE_STANDARD = "gnu++20";
				CLANG_ENABLE_MODULES = YES;
				CLANG_ENABLE_OBJC_ARC = YES;
				CLANG_ENABLE_OBJC_WEAK = YES;
				CLANG_WARN_BLOCK_CAPTURE_AUTORELEASING = YES;
				CLANG_WARN_BOOL_CONVERSION = YES;
				CLANG_WARN_COMMA = YES;
				CLANG_WARN_CONSTANT_CONVERSION = YES;
				CLANG_WARN_DEPRECATED_OBJC_IMPLEMENTATIONS = YES;
				CLANG_WARN_DIRECT_OBJC_ISA_USAGE = YES_ERROR;
				CLANG_WARN_DOCUMENTATION_COMMENTS = YES;
				CLANG_WARN_EMPTY_BODY = YES;
				CLANG_WARN_ENUM_CONVERSION = YES;
				CLANG_WARN_INFINITE_RECURSION = YES;
				CLANG_WARN_INT_CONVERSION = YES;
				CLANG_WARN_NON_LITERAL_NULL_CONVERSION = YES;
				CLANG_WARN_OBJC_IMPLICIT_RETAIN_SELF = YES;
				CLANG_WARN_OBJC_LITERAL_CONVERSION = YES;
				CLANG_WARN_OBJC_ROOT_CLASS = YES_ERROR;
				CLANG_WARN_QUOTED_INCLUDE_IN_FRAMEWORK_HEADER = YES;
				CLANG_WARN_RANGE_LOOP_ANALYSIS = YES;
				CLANG_WARN_STRICT_PROTOTYPES = YES;
				CLANG_WARN_SUSPICIOUS_MOVE = YES;
				CLANG_WARN_UNGUARDED_AVAILABILITY = YES_AGGRESSIVE;
				CLANG_WARN_UNREACHABLE_CODE = YES;
				CLANG_WARN__DUPLICATE_METHOD_MATCH = YES;
				COPY_PHASE_STRIP = NO;
				DEBUG_INFORMATION_FORMAT = "dwarf-with-dsym";
				ENABLE_NS_ASSERTIONS = NO;
				ENABLE_STRICT_OBJC_MSGSEND = YES;
				ENABLE_USER_SCRIPT_SANDBOXING = YES;
				GCC_C_LANGUAGE_STANDARD = gnu17;
				GCC_NO_COMMON_BLOCKS = YES;
				GCC_WARN_64_TO_32_BIT_CONVERSION = YES;
				GCC_WARN_ABOUT_RETURN_TYPE = YES_ERROR;
				GCC_WARN_UNDECLARED_SELECTOR = YES;
				GCC_WARN_UNINITIALIZED_AUTOS = YES_AGGRESSIVE;
				GCC_WARN_UNUSED_FUNCTION = YES;
				GCC_WARN_UNUSED_VARIABLE = YES;
				IPHONEOS_DEPLOYMENT_TARGET = 17.5;
				LOCALIZATION_PREFERS_STRING_CATALOGS = YES;
				MTL_ENABLE_DEBUG_INFO = NO;
				MTL_FAST_MATH = YES;
				SDKROOT = iphoneos;
				SWIFT_COMPILATION_MODE = wholemodule;
				VALIDATE_PRODUCT = YES;
			};
			name = Release;
		};
		EFA5E4512D4C161D001C836C /* Debug */ = {
			isa = XCBuildConfiguration;
			buildSettings = {
				ASSETCATALOG_COMPILER_APPICON_NAME = AppIcon;
				ASSETCATALOG_COMPILER_GLOBAL_ACCENT_COLOR_NAME = AccentColor;
				CODE_SIGN_STYLE = Automatic;
				CURRENT_PROJECT_VERSION = 1;
				DEVELOPMENT_ASSET_PATHS = "\"BJJNotes/Preview Content\"";
				DEVELOPMENT_TEAM = HZ5H4FLNJ3;
				ENABLE_PREVIEWS = YES;
				GENERATE_INFOPLIST_FILE = YES;
				INFOPLIST_KEY_UIApplicationSceneManifest_Generation = YES;
				INFOPLIST_KEY_UIApplicationSupportsIndirectInputEvents = YES;
				INFOPLIST_KEY_UILaunchScreen_Generation = YES;
				INFOPLIST_KEY_UISupportedInterfaceOrientations_iPad = "UIInterfaceOrientationPortrait UIInterfaceOrientationPortraitUpsideDown UIInterfaceOrientationLandscapeLeft UIInterfaceOrientationLandscapeRight";
				INFOPLIST_KEY_UISupportedInterfaceOrientations_iPhone = "UIInterfaceOrientationPortrait UIInterfaceOrientationLandscapeLeft UIInterfaceOrientationLandscapeRight";
				LD_RUNPATH_SEARCH_PATHS = (
					"$(inherited)",
					"@executable_path/Frameworks",
				);
				MARKETING_VERSION = 1.0;
				PRODUCT_BUNDLE_IDENTIFIER = com.lucaslisboa.BJJNotes;
				PRODUCT_NAME = "$(TARGET_NAME)";
				SWIFT_EMIT_LOC_STRINGS = YES;
				SWIFT_VERSION = 5.0;
				TARGETED_DEVICE_FAMILY = "1,2";
			};
			name = Debug;
		};
		EFA5E4522D4C161D001C836C /* Release */ = {
			isa = XCBuildConfiguration;
			buildSettings = {
				ASSETCATALOG_COMPILER_APPICON_NAME = AppIcon;
				ASSETCATALOG_COMPILER_GLOBAL_ACCENT_COLOR_NAME = AccentColor;
				CODE_SIGN_STYLE = Automatic;
				CURRENT_PROJECT_VERSION = 1;
				DEVELOPMENT_ASSET_PATHS = "\"BJJNotes/Preview Content\"";
				DEVELOPMENT_TEAM = HZ5H4FLNJ3;
				ENABLE_PREVIEWS = YES;
				GENERATE_INFOPLIST_FILE = YES;
				INFOPLIST_KEY_UIApplicationSceneManifest_Generation = YES;
				INFOPLIST_KEY_UIApplicationSupportsIndirectInputEvents = YES;
				INFOPLIST_KEY_UILaunchScreen_Generation = YES;
				INFOPLIST_KEY_UISupportedInterfaceOrientations_iPad = "UIInterfaceOrientationPortrait UIInterfaceOrientationPortraitUpsideDown UIInterfaceOrientationLandscapeLeft UIInterfaceOrientationLandscapeRight";
				INFOPLIST_KEY_UISupportedInterfaceOrientations_iPhone = "UIInterfaceOrientationPortrait UIInterfaceOrientationLandscapeLeft UIInterfaceOrientationLandscapeRight";
				LD_RUNPATH_SEARCH_PATHS = (
					"$(inherited)",
					"@executable_path/Frameworks",
				);
				MARKETING_VERSION = 1.0;
				PRODUCT_BUNDLE_IDENTIFIER = com.lucaslisboa.BJJNotes;
				PRODUCT_NAME = "$(TARGET_NAME)";
				SWIFT_EMIT_LOC_STRINGS = YES;
				SWIFT_VERSION = 5.0;
				TARGETED_DEVICE_FAMILY = "1,2";
			};
			name = Release;
		};
/* End XCBuildConfiguration section */

/* Begin XCConfigurationList section */
		EFA5E43D2D4C161A001C836C /* Build configuration list for PBXProject "BJJNotes" */ = {
			isa = XCConfigurationList;
			buildConfigurations = (
				EFA5E44E2D4C161D001C836C /* Debug */,
				EFA5E44F2D4C161D001C836C /* Release */,
			);
			defaultConfigurationIsVisible = 0;
			defaultConfigurationName = Release;
		};
		EFA5E4502D4C161D001C836C /* Build configuration list for PBXNativeTarget "BJJNotes" */ = {
			isa = XCConfigurationList;
			buildConfigurations = (
				EFA5E4512D4C161D001C836C /* Debug */,
				EFA5E4522D4C161D001C836C /* Release */,
			);
			defaultConfigurationIsVisible = 0;
			defaultConfigurationName = Release;
		};
/* End XCConfigurationList section */
	};
	rootObject = EFA5E43A2D4C161A001C836C /* Project object */;
}
